
Microsoft Visual Studio Solution File, Format Version 12.00
# Visual Studio Version 17
VisualStudioVersion = 17.2.32630.192
MinimumVisualStudioVersion = 10.0.40219.1
Project("{8BC9CEB8-8B4A-11D0-8D11-00A0C91BC942}") = "KR_OMP_MPI", "KR_OMP_MPI\KR_OMP_MPI.vcxproj", "{E4468959-169E-4F65-881D-654211D475D0}"
EndProject
Global
	GlobalSection(SolutionConfigurationPlatforms) = preSolution
		Debug|x64 = Debug|x64
		Debug|x86 = Debug|x86
		Release|x64 = Release|x64
		Release|x86 = Release|x86
	EndGlobalSection
	GlobalSection(ProjectConfigurationPlatforms) = postSolution
		{E4468959-169E-4F65-881D-654211D475D0}.Debug|x64.ActiveCfg = Debug|x64
		{E4468959-169E-4F65-881D-654211D475D0}.Debug|x64.Build.0 = Debug|x64
		{E4468959-169E-4F65-881D-654211D475D0}.Debug|x86.ActiveCfg = Debug|Win32
		{E4468959-169E-4F65-881D-654211D475D0}.Debug|x86.Build.0 = Debug|Win32
		{E4468959-169E-4F65-881D-654211D475D0}.Release|x64.ActiveCfg = Release|x64
		{E4468959-169E-4F65-881D-654211D475D0}.Release|x64.Build.0 = Release|x64
		{E4468959-169E-4F65-881D-654211D475D0}.Release|x86.ActiveCfg = Release|Win32
		{E4468959-169E-4F65-881D-654211D475D0}.Release|x86.Build.0 = Release|Win32
	EndGlobalSection
	GlobalSection(SolutionProperties) = preSolution
		HideSolutionNode = FALSE
	EndGlobalSection
	GlobalSection(ExtensibilityGlobals) = postSolution
		SolutionGuid = {E1E3E466-1B58-4D14-8CD6-8D313D27E927}
	EndGlobalSection
EndGlobal
